
Microsoft Visual Studio Solution File, Format Version 12.00
# Visual Studio Version 17
VisualStudioVersion = 17.10.35004.147
MinimumVisualStudioVersion = 10.0.40219.1
Project("{FAE04EC0-301F-11D3-BF4B-00C04F79EFBC}") = "ZebraRFID", "ZebraRFID.csproj", "{964407F2-96EA-4E2A-93F0-659917A1387E}"
EndProject
Global
	GlobalSection(SolutionConfigurationPlatforms) = preSolution
		Debug|Any CPU = Debug|Any CPU
		Release|Any CPU = Release|Any CPU
	EndGlobalSection
	GlobalSection(ProjectConfigurationPlatforms) = postSolution
		{964407F2-96EA-4E2A-93F0-659917A1387E}.Debug|Any CPU.ActiveCfg = Debug|Any CPU
		{964407F2-96EA-4E2A-93F0-659917A1387E}.Debug|Any CPU.Build.0 = Debug|Any CPU
		{964407F2-96EA-4E2A-93F0-659917A1387E}.Release|Any CPU.ActiveCfg = Release|Any CPU
		{964407F2-96EA-4E2A-93F0-659917A1387E}.Release|Any CPU.Build.0 = Release|Any CPU
	EndGlobalSection
	GlobalSection(SolutionProperties) = preSolution
		HideSolutionNode = FALSE
	EndGlobalSection
	GlobalSection(ExtensibilityGlobals) = postSolution
		SolutionGuid = {4BEABB44-4A66-41F1-8FDC-AEBBFDD0BFFE}
	EndGlobalSection
EndGlobal
